
Microsoft Visual Studio Solution File, Format Version 12.00
# Visual Studio 2012
Project("{8BC9CEB8-8B4A-11D0-8D11-00A0C91BC942}") = "TestGL", "TestGL\TestGL.vcxproj", "{A2521C78-CA7F-4C94-870A-A8E4C2E89715}"
EndProject
Global
	GlobalSection(SolutionConfigurationPlatforms) = preSolution
		Debug|Win32 = Debug|Win32
		Release|Win32 = Release|Win32
	EndGlobalSection
	GlobalSection(ProjectConfigurationPlatforms) = postSolution
		{A2521C78-CA7F-4C94-870A-A8E4C2E89715}.Debug|Win32.ActiveCfg = Debug|Win32
		{A2521C78-CA7F-4C94-870A-A8E4C2E89715}.Debug|Win32.Build.0 = Debug|Win32
		{A2521C78-CA7F-4C94-870A-A8E4C2E89715}.Release|Win32.ActiveCfg = Release|Win32
		{A2521C78-CA7F-4C94-870A-A8E4C2E89715}.Release|Win32.Build.0 = Release|Win32
	EndGlobalSection
	GlobalSection(SolutionProperties) = preSolution
		HideSolutionNode = FALSE
	EndGlobalSection
EndGlobal
